hash: 31da41b9a4cbf74022bcb24f84706b51ef278c24ed6da513fa7516a192013e25
updated: 2016-11-09T23:33:51.168209979+08:00
imports:
- name: github.com/dustin/go-broadcast
  version: 3bdf6d4a7164a50bc19d5f230e2981d87d2584f1
- name: github.com/gin-gonic/gin
  version: 2dae550eb5392006a4582ce9c90016a9b5a74e8b
  subpackages:
  - binding
  - render
- name: github.com/go-sql-driver/mysql
  version: a732e14c62dde3285440047bba97581bc472ae18
- name: github.com/golang/protobuf
  version: 2402d76f3d41f928c7902a765dfc872356dd3aad
  subpackages:
  - proto
  - proto/testdata
- name: github.com/manucorporat/sse
  version: ee05b128a739a0fb76c7ebd3ae4810c1de808d6d
- name: github.com/manucorporat/stats
  version: 8f2d6ace262eba462e9beb552382c98be51d807b
- name: github.com/Sirupsen/logrus
  version: d26492970760ca5d33129d2d799e34be5c4782eb
- name: github.com/stretchr/testify
  version: 69483b4bd14f5845b5a1e55bca19e954e827f1d0
- name: golang.org/x/net
  version: f315505cf3349909cdf013ea56690da34e96a451
  subpackages:
  - context
- name: gopkg.in/go-playground/validator.v8
  version: c193cecd124b5cc722d7ee5538e945bdb3348435
- name: gopkg.in/yaml.v2
  version: a5b47d31c556af34a302ce5d659e6fea44d90de0
testImports: []
